
Microsoft Visual Studio Solution File, Format Version 12.00
# Visual Studio Version 16
VisualStudioVersion = 16.0.31515.178
MinimumVisualStudioVersion = 10.0.40219.1
Project("{FAE04EC0-301F-11D3-BF4B-00C04F79EFBC}") = "DisneyLibrary", "DisneyLibrary\DisneyLibrary.csproj", "{593048B4-7E3A-40EF-A9BA-E3C47F2AD6FB}"
EndProject
Global
	GlobalSection(SolutionConfigurationPlatforms) = preSolution
		Debug|Any CPU = Debug|Any CPU
		Release|Any CPU = Release|Any CPU
	EndGlobalSection
	GlobalSection(ProjectConfigurationPlatforms) = postSolution
		{593048B4-7E3A-40EF-A9BA-E3C47F2AD6FB}.Debug|Any CPU.ActiveCfg = Debug|Any CPU
		{593048B4-7E3A-40EF-A9BA-E3C47F2AD6FB}.Debug|Any CPU.Build.0 = Debug|Any CPU
		{593048B4-7E3A-40EF-A9BA-E3C47F2AD6FB}.Release|Any CPU.ActiveCfg = Release|Any CPU
		{593048B4-7E3A-40EF-A9BA-E3C47F2AD6FB}.Release|Any CPU.Build.0 = Release|Any CPU
	EndGlobalSection
	GlobalSection(SolutionProperties) = preSolution
		HideSolutionNode = FALSE
	EndGlobalSection
	GlobalSection(ExtensibilityGlobals) = postSolution
		SolutionGuid = {DF19A308-9E2C-4263-B526-41673827AF7A}
	EndGlobalSection
EndGlobal
